
Microsoft Visual Studio Solution File, Format Version 12.00
# Visual Studio 2012
Project("{FAE04EC0-301F-11D3-BF4B-00C04F79EFBC}") = "TestApplication", "TestApplication\TestApplication.csproj", "{DE6E9661-B01A-45CD-8117-3ED4300757A2}"
EndProject
Project("{FAE04EC0-301F-11D3-BF4B-00C04F79EFBC}") = "NDragDrop", "NDragDrop\NDragDrop.csproj", "{AD8FAD38-870B-4F0F-A4E5-FE013D7D986A}"
EndProject
Global
	GlobalSection(SolutionConfigurationPlatforms) = preSolution
		Debug|Any CPU = Debug|Any CPU
		Release|Any CPU = Release|Any CPU
	EndGlobalSection
	GlobalSection(ProjectConfigurationPlatforms) = postSolution
		{DE6E9661-B01A-45CD-8117-3ED4300757A2}.Debug|Any CPU.ActiveCfg = Debug|Any CPU
		{DE6E9661-B01A-45CD-8117-3ED4300757A2}.Debug|Any CPU.Build.0 = Debug|Any CPU
		{DE6E9661-B01A-45CD-8117-3ED4300757A2}.Release|Any CPU.ActiveCfg = Release|Any CPU
		{DE6E9661-B01A-45CD-8117-3ED4300757A2}.Release|Any CPU.Build.0 = Release|Any CPU
		{AD8FAD38-870B-4F0F-A4E5-FE013D7D986A}.Debug|Any CPU.ActiveCfg = Debug|Any CPU
		{AD8FAD38-870B-4F0F-A4E5-FE013D7D986A}.Debug|Any CPU.Build.0 = Debug|Any CPU
		{AD8FAD38-870B-4F0F-A4E5-FE013D7D986A}.Release|Any CPU.ActiveCfg = Release|Any CPU
		{AD8FAD38-870B-4F0F-A4E5-FE013D7D986A}.Release|Any CPU.Build.0 = Release|Any CPU
	EndGlobalSection
	GlobalSection(SolutionProperties) = preSolution
		HideSolutionNode = FALSE
	EndGlobalSection
EndGlobal
